
Microsoft Visual Studio Solution File, Format Version 12.00
# Visual Studio Version 17
VisualStudioVersion = 17.14.36623.8
MinimumVisualStudioVersion = 10.0.40219.1
Project("{FAE04EC0-301F-11D3-BF4B-00C04F79EFBC}") = "CapaPresentacion", "CapaPresentacion\CapaPresentacion.csproj", "{832CC218-55B0-4DF9-8653-0B959C526928}"
EndProject
Project("{FAE04EC0-301F-11D3-BF4B-00C04F79EFBC}") = "CapaNegocio", "CapaNegocio\CapaNegocio.csproj", "{4D095309-B98D-43F0-A396-F0A3AB643C93}"
EndProject
Project("{FAE04EC0-301F-11D3-BF4B-00C04F79EFBC}") = "CapaDatos", "CapaDatos\CapaDatos.csproj", "{ED1781CA-29D7-4A63-98BC-13BB555A4F08}"
EndProject
Global
	GlobalSection(SolutionConfigurationPlatforms) = preSolution
		Debug|Any CPU = Debug|Any CPU
		Release|Any CPU = Release|Any CPU
	EndGlobalSection
	GlobalSection(ProjectConfigurationPlatforms) = postSolution
		{832CC218-55B0-4DF9-8653-0B959C526928}.Debug|Any CPU.ActiveCfg = Debug|Any CPU
		{832CC218-55B0-4DF9-8653-0B959C526928}.Debug|Any CPU.Build.0 = Debug|Any CPU
		{832CC218-55B0-4DF9-8653-0B959C526928}.Release|Any CPU.ActiveCfg = Release|Any CPU
		{832CC218-55B0-4DF9-8653-0B959C526928}.Release|Any CPU.Build.0 = Release|Any CPU
		{4D095309-B98D-43F0-A396-F0A3AB643C93}.Debug|Any CPU.ActiveCfg = Debug|Any CPU
		{4D095309-B98D-43F0-A396-F0A3AB643C93}.Debug|Any CPU.Build.0 = Debug|Any CPU
		{4D095309-B98D-43F0-A396-F0A3AB643C93}.Release|Any CPU.ActiveCfg = Release|Any CPU
		{4D095309-B98D-43F0-A396-F0A3AB643C93}.Release|Any CPU.Build.0 = Release|Any CPU
		{ED1781CA-29D7-4A63-98BC-13BB555A4F08}.Debug|Any CPU.ActiveCfg = Debug|Any CPU
		{ED1781CA-29D7-4A63-98BC-13BB555A4F08}.Debug|Any CPU.Build.0 = Debug|Any CPU
		{ED1781CA-29D7-4A63-98BC-13BB555A4F08}.Release|Any CPU.ActiveCfg = Release|Any CPU
		{ED1781CA-29D7-4A63-98BC-13BB555A4F08}.Release|Any CPU.Build.0 = Release|Any CPU
	EndGlobalSection
	GlobalSection(SolutionProperties) = preSolution
		HideSolutionNode = FALSE
	EndGlobalSection
	GlobalSection(ExtensibilityGlobals) = postSolution
		SolutionGuid = {23B8CA0B-8830-47FB-9371-5E53905572EE}
	EndGlobalSection
EndGlobal
